
Microsoft Visual Studio Solution File, Format Version 12.00
# Visual Studio Version 17
VisualStudioVersion = 17.7.34221.43
MinimumVisualStudioVersion = 10.0.40219.1
Project("{FAE04EC0-301F-11D3-BF4B-00C04F79EFBC}") = "LinearExpressions1", "LinearExpressions1\LinearExpressions1.csproj", "{C5B8E234-0016-4777-8C19-8545FE6263CB}"
EndProject
Global
	GlobalSection(SolutionConfigurationPlatforms) = preSolution
		Debug|Any CPU = Debug|Any CPU
		Release|Any CPU = Release|Any CPU
	EndGlobalSection
	GlobalSection(ProjectConfigurationPlatforms) = postSolution
		{C5B8E234-0016-4777-8C19-8545FE6263CB}.Debug|Any CPU.ActiveCfg = Debug|Any CPU
		{C5B8E234-0016-4777-8C19-8545FE6263CB}.Debug|Any CPU.Build.0 = Debug|Any CPU
		{C5B8E234-0016-4777-8C19-8545FE6263CB}.Release|Any CPU.ActiveCfg = Release|Any CPU
		{C5B8E234-0016-4777-8C19-8545FE6263CB}.Release|Any CPU.Build.0 = Release|Any CPU
	EndGlobalSection
	GlobalSection(SolutionProperties) = preSolution
		HideSolutionNode = FALSE
	EndGlobalSection
	GlobalSection(ExtensibilityGlobals) = postSolution
		SolutionGuid = {C783361C-6DBB-490E-B89C-6C2B3BDED19A}
	EndGlobalSection
EndGlobal
